
Microsoft Visual Studio Solution File, Format Version 12.00
# Visual Studio Version 17
VisualStudioVersion = 17.9.34723.18
MinimumVisualStudioVersion = 10.0.40219.1
Project("{FAE04EC0-301F-11D3-BF4B-00C04F79EFBC}") = "Prog120_S24_L7_NestedIfs_Arrays", "Prog120_S24_L7_NestedIfs_Arrays.csproj", "{739BE475-8453-4F19-9AB8-00D0112571F5}"
EndProject
Global
	GlobalSection(SolutionConfigurationPlatforms) = preSolution
		Debug|Any CPU = Debug|Any CPU
		Release|Any CPU = Release|Any CPU
	EndGlobalSection
	GlobalSection(ProjectConfigurationPlatforms) = postSolution
		{739BE475-8453-4F19-9AB8-00D0112571F5}.Debug|Any CPU.ActiveCfg = Debug|Any CPU
		{739BE475-8453-4F19-9AB8-00D0112571F5}.Debug|Any CPU.Build.0 = Debug|Any CPU
		{739BE475-8453-4F19-9AB8-00D0112571F5}.Release|Any CPU.ActiveCfg = Release|Any CPU
		{739BE475-8453-4F19-9AB8-00D0112571F5}.Release|Any CPU.Build.0 = Release|Any CPU
	EndGlobalSection
	GlobalSection(SolutionProperties) = preSolution
		HideSolutionNode = FALSE
	EndGlobalSection
	GlobalSection(ExtensibilityGlobals) = postSolution
		SolutionGuid = {9363FA19-7BC2-401B-A9C4-DE05F78A92CD}
	EndGlobalSection
EndGlobal
